
Microsoft Visual Studio Solution File, Format Version 12.00
# Visual Studio Version 17
VisualStudioVersion = 17.7.34031.279
MinimumVisualStudioVersion = 10.0.40219.1
Project("{FAE04EC0-301F-11D3-BF4B-00C04F79EFBC}") = "Desarrollo Web Profesional", "Desarrollo Web Profesional\Desarrollo Web Profesional.csproj", "{BD7B3C59-2A71-4A36-A6A5-756B77B401AE}"
EndProject
Global
	GlobalSection(SolutionConfigurationPlatforms) = preSolution
		Debug|Any CPU = Debug|Any CPU
		Release|Any CPU = Release|Any CPU
	EndGlobalSection
	GlobalSection(ProjectConfigurationPlatforms) = postSolution
		{BD7B3C59-2A71-4A36-A6A5-756B77B401AE}.Debug|Any CPU.ActiveCfg = Debug|Any CPU
		{BD7B3C59-2A71-4A36-A6A5-756B77B401AE}.Debug|Any CPU.Build.0 = Debug|Any CPU
		{BD7B3C59-2A71-4A36-A6A5-756B77B401AE}.Release|Any CPU.ActiveCfg = Release|Any CPU
		{BD7B3C59-2A71-4A36-A6A5-756B77B401AE}.Release|Any CPU.Build.0 = Release|Any CPU
	EndGlobalSection
	GlobalSection(SolutionProperties) = preSolution
		HideSolutionNode = FALSE
	EndGlobalSection
	GlobalSection(ExtensibilityGlobals) = postSolution
		SolutionGuid = {D6D49409-D646-4898-98DF-B4F82CA146A3}
	EndGlobalSection
EndGlobal
